
Microsoft Visual Studio Solution File, Format Version 12.00
# Visual Studio Version 16
VisualStudioVersion = 16.0.30804.86
MinimumVisualStudioVersion = 10.0.40219.1
Project("{FAE04EC0-301F-11D3-BF4B-00C04F79EFBC}") = "Conditions", "Conditions\Conditions.csproj", "{C5A1BFAF-F2C0-49F7-80F9-3937142123CD}"
EndProject
Project("{FAE04EC0-301F-11D3-BF4B-00C04F79EFBC}") = "Extra", "Extra\Extra.csproj", "{C06F5B4C-17F8-41F1-B4EC-F0510C2114D8}"
EndProject
Global
	GlobalSection(SolutionConfigurationPlatforms) = preSolution
		Debug|Any CPU = Debug|Any CPU
		Release|Any CPU = Release|Any CPU
	EndGlobalSection
	GlobalSection(ProjectConfigurationPlatforms) = postSolution
		{C5A1BFAF-F2C0-49F7-80F9-3937142123CD}.Debug|Any CPU.ActiveCfg = Debug|Any CPU
		{C5A1BFAF-F2C0-49F7-80F9-3937142123CD}.Debug|Any CPU.Build.0 = Debug|Any CPU
		{C5A1BFAF-F2C0-49F7-80F9-3937142123CD}.Release|Any CPU.ActiveCfg = Release|Any CPU
		{C5A1BFAF-F2C0-49F7-80F9-3937142123CD}.Release|Any CPU.Build.0 = Release|Any CPU
		{C06F5B4C-17F8-41F1-B4EC-F0510C2114D8}.Debug|Any CPU.ActiveCfg = Debug|Any CPU
		{C06F5B4C-17F8-41F1-B4EC-F0510C2114D8}.Debug|Any CPU.Build.0 = Debug|Any CPU
		{C06F5B4C-17F8-41F1-B4EC-F0510C2114D8}.Release|Any CPU.ActiveCfg = Release|Any CPU
		{C06F5B4C-17F8-41F1-B4EC-F0510C2114D8}.Release|Any CPU.Build.0 = Release|Any CPU
	EndGlobalSection
	GlobalSection(SolutionProperties) = preSolution
		HideSolutionNode = FALSE
	EndGlobalSection
	GlobalSection(ExtensibilityGlobals) = postSolution
		SolutionGuid = {91735073-29A0-44F5-BB43-A8C2DEE409E1}
	EndGlobalSection
EndGlobal
